
Microsoft Visual Studio Solution File, Format Version 12.00
# Visual Studio 15
VisualStudioVersion = 15.0.26228.4
MinimumVisualStudioVersion = 10.0.40219.1
Project("{FAE04EC0-301F-11D3-BF4B-00C04F79EFBC}") = "XamarinLoL.Android", "XamarinLoL\XamarinLoL.Android\XamarinLoL.Android.csproj", "{CD95C58B-0936-41F0-A44F-25A56288832F}"
EndProject
Project("{FAE04EC0-301F-11D3-BF4B-00C04F79EFBC}") = "XamarinLoL", "XamarinLoL\XamarinLoL\XamarinLoL.csproj", "{B0260D58-B567-4C24-A8D4-176C8594B196}"
EndProject
Project("{FAE04EC0-301F-11D3-BF4B-00C04F79EFBC}") = "XamarinLoL.UWP", "XamarinLoL\XamarinLoL.UWP\XamarinLoL.UWP.csproj", "{D04F9A08-FDDE-4F12-9885-3B8DE961A9F7}"
EndProject
Project("{FAE04EC0-301F-11D3-BF4B-00C04F79EFBC}") = "XamarinLoL.iOS", "XamarinLoL\XamarinLoL.iOS\XamarinLoL.iOS.csproj", "{2CE3AB07-B639-4E49-AB50-0868AD127ADF}"
EndProject
Project("{2150E333-8FDC-42A3-9474-1A3956D46DE8}") = "Apps", "Apps", "{B7B80924-7E50-4836-A213-47275F2B5CE7}"
EndProject
Project("{2150E333-8FDC-42A3-9474-1A3956D46DE8}") = "WebApi", "WebApi", "{233B616A-C5EF-4BAF-8429-BEAD93691F8D}"
EndProject
Project("{FAE04EC0-301F-11D3-BF4B-00C04F79EFBC}") = "XamarinLoL.WebApi", "XamarinLoL.WebApi\XamarinLoL.WebApi.csproj", "{62C217A4-B020-4580-90D9-DD9219F46CEE}"
EndProject
Project("{FAE04EC0-301F-11D3-BF4B-00C04F79EFBC}") = "XamarinLoL.WebApi.Tests", "XamarinLoL.WebApi.Tests\XamarinLoL.WebApi.Tests.csproj", "{05BD0603-4ACF-4113-9147-6CCB63AAAF12}"
EndProject
Project("{2150E333-8FDC-42A3-9474-1A3956D46DE8}") = "Components", "Components", "{7A245B78-2C9F-4FAF-9BEE-ACBA7103EE47}"
EndProject
Project("{FAE04EC0-301F-11D3-BF4B-00C04F79EFBC}") = "XamarinLoL.Models", "XamarinLoL.Models\XamarinLoL.Models.csproj", "{76EA3012-C21C-4765-B1B2-80C59FC55C70}"
EndProject
Global
	GlobalSection(SolutionConfigurationPlatforms) = preSolution
		Ad-Hoc|Any CPU = Ad-Hoc|Any CPU
		Ad-Hoc|ARM = Ad-Hoc|ARM
		Ad-Hoc|iPhone = Ad-Hoc|iPhone
		Ad-Hoc|iPhoneSimulator = Ad-Hoc|iPhoneSimulator
		Ad-Hoc|x64 = Ad-Hoc|x64
		Ad-Hoc|x86 = Ad-Hoc|x86
		AppStore|Any CPU = AppStore|Any CPU
		AppStore|ARM = AppStore|ARM
		AppStore|iPhone = AppStore|iPhone
		AppStore|iPhoneSimulator = AppStore|iPhoneSimulator
		AppStore|x64 = AppStore|x64
		AppStore|x86 = AppStore|x86
		Debug|Any CPU = Debug|Any CPU
		Debug|ARM = Debug|ARM
		Debug|iPhone = Debug|iPhone
		Debug|iPhoneSimulator = Debug|iPhoneSimulator
		Debug|x64 = Debug|x64
		Debug|x86 = Debug|x86
		Release|Any CPU = Release|Any CPU
		Release|ARM = Release|ARM
		Release|iPhone = Release|iPhone
		Release|iPhoneSimulator = Release|iPhoneSimulator
		Release|x64 = Release|x64
		Release|x86 = Release|x86
	EndGlobalSection
	GlobalSection(ProjectConfigurationPlatforms) = postSolution
		{CD95C58B-0936-41F0-A44F-25A56288832F}.Ad-Hoc|Any CPU.ActiveCfg = Release|Any CPU
		{CD95C58B-0936-41F0-A44F-25A56288832F}.Ad-Hoc|Any CPU.Build.0 = Release|Any CPU
		{CD95C58B-0936-41F0-A44F-25A56288832F}.Ad-Hoc|Any CPU.Deploy.0 = Release|Any CPU
		{CD95C58B-0936-41F0-A44F-25A56288832F}.Ad-Hoc|ARM.ActiveCfg = Release|Any CPU
		{CD95C58B-0936-41F0-A44F-25A56288832F}.Ad-Hoc|ARM.Build.0 = Release|Any CPU
		{CD95C58B-0936-41F0-A44F-25A56288832F}.Ad-Hoc|ARM.Deploy.0 = Release|Any CPU
		{CD95C58B-0936-41F0-A44F-25A56288832F}.Ad-Hoc|iPhone.ActiveCfg = Release|Any CPU
		{CD95C58B-0936-41F0-A44F-25A56288832F}.Ad-Hoc|iPhone.Build.0 = Release|Any CPU
		{CD95C58B-0936-41F0-A44F-25A56288832F}.Ad-Hoc|iPhone.Deploy.0 = Release|Any CPU
		{CD95C58B-0936-41F0-A44F-25A56288832F}.Ad-Hoc|iPhoneSimulator.ActiveCfg = Release|Any CPU
		{CD95C58B-0936-41F0-A44F-25A56288832F}.Ad-Hoc|iPhoneSimulator.Build.0 = Release|Any CPU
		{CD95C58B-0936-41F0-A44F-25A56288832F}.Ad-Hoc|iPhoneSimulator.Deploy.0 = Release|Any CPU
		{CD95C58B-0936-41F0-A44F-25A56288832F}.Ad-Hoc|x64.ActiveCfg = Release|Any CPU
		{CD95C58B-0936-41F0-A44F-25A56288832F}.Ad-Hoc|x64.Build.0 = Release|Any CPU
		{CD95C58B-0936-41F0-A44F-25A56288832F}.Ad-Hoc|x64.Deploy.0 = Release|Any CPU
		{CD95C58B-0936-41F0-A44F-25A56288832F}.Ad-Hoc|x86.ActiveCfg = Release|Any CPU
		{CD95C58B-0936-41F0-A44F-25A56288832F}.Ad-Hoc|x86.Build.0 = Release|Any CPU
		{CD95C58B-0936-41F0-A44F-25A56288832F}.Ad-Hoc|x86.Deploy.0 = Release|Any CPU
		{CD95C58B-0936-41F0-A44F-25A56288832F}.AppStore|Any CPU.ActiveCfg = Release|Any CPU
		{CD95C58B-0936-41F0-A44F-25A56288832F}.AppStore|Any CPU.Build.0 = Release|Any CPU
		{CD95C58B-0936-41F0-A44F-25A56288832F}.AppStore|Any CPU.Deploy.0 = Release|Any CPU
		{CD95C58B-0936-41F0-A44F-25A56288832F}.AppStore|ARM.ActiveCfg = Release|Any CPU
		{CD95C58B-0936-41F0-A44F-25A56288832F}.AppStore|ARM.Build.0 = Release|Any CPU
		{CD95C58B-0936-41F0-A44F-25A56288832F}.AppStore|ARM.Deploy.0 = Release|Any CPU
		{CD95C58B-0936-41F0-A44F-25A56288832F}.AppStore|iPhone.ActiveCfg = Release|Any CPU
		{CD95C58B-0936-41F0-A44F-25A56288832F}.AppStore|iPhone.Build.0 = Release|Any CPU
		{CD95C58B-0936-41F0-A44F-25A56288832F}.AppStore|iPhone.Deploy.0 = Release|Any CPU
		{CD95C58B-0936-41F0-A44F-25A56288832F}.AppStore|iPhoneSimulator.ActiveCfg = Release|Any CPU
		{CD95C58B-0936-41F0-A44F-25A56288832F}.AppStore|iPhoneSimulator.Build.0 = Release|Any CPU
		{CD95C58B-0936-41F0-A44F-25A56288832F}.AppStore|iPhoneSimulator.Deploy.0 = Release|Any CPU
		{CD95C58B-0936-41F0-A44F-25A56288832F}.AppStore|x64.ActiveCfg = Release|Any CPU
		{CD95C58B-0936-41F0-A44F-25A56288832F}.AppStore|x64.Build.0 = Release|Any CPU
		{CD95C58B-0936-41F0-A44F-25A56288832F}.AppStore|x64.Deploy.0 = Release|Any CPU
		{CD95C58B-0936-41F0-A44F-25A56288832F}.AppStore|x86.ActiveCfg = Release|Any CPU
		{CD95C58B-0936-41F0-A44F-25A56288832F}.AppStore|x86.Build.0 = Release|Any CPU
		{CD95C58B-0936-41F0-A44F-25A56288832F}.AppStore|x86.Deploy.0 = Release|Any CPU
		{CD95C58B-0936-41F0-A44F-25A56288832F}.Debug|Any CPU.ActiveCfg = Debug|Any CPU
		{CD95C58B-0936-41F0-A44F-25A56288832F}.Debug|Any CPU.Build.0 = Debug|Any CPU
		{CD95C58B-0936-41F0-A44F-25A56288832F}.Debug|Any CPU.Deploy.0 = Debug|Any CPU
		{CD95C58B-0936-41F0-A44F-25A56288832F}.Debug|ARM.ActiveCfg = Debug|Any CPU
		{CD95C58B-0936-41F0-A44F-25A56288832F}.Debug|ARM.Build.0 = Debug|Any CPU
		{CD95C58B-0936-41F0-A44F-25A56288832F}.Debug|ARM.Deploy.0 = Debug|Any CPU
		{CD95C58B-0936-41F0-A44F-25A56288832F}.Debug|iPhone.ActiveCfg = Debug|Any CPU
		{CD95C58B-0936-41F0-A44F-25A56288832F}.Debug|iPhone.Build.0 = Debug|Any CPU
		{CD95C58B-0936-41F0-A44F-25A56288832F}.Debug|iPhone.Deploy.0 = Debug|Any CPU
		{CD95C58B-0936-41F0-A44F-25A56288832F}.Debug|iPhoneSimulator.ActiveCfg = Debug|Any CPU
		{CD95C58B-0936-41F0-A44F-25A56288832F}.Debug|iPhoneSimulator.Build.0 = Debug|Any CPU
		{CD95C58B-0936-41F0-A44F-25A56288832F}.Debug|iPhoneSimulator.Deploy.0 = Debug|Any CPU
		{CD95C58B-0936-41F0-A44F-25A56288832F}.Debug|x64.ActiveCfg = Debug|Any CPU
		{CD95C58B-0936-41F0-A44F-25A56288832F}.Debug|x64.Build.0 = Debug|Any CPU
		{CD95C58B-0936-41F0-A44F-25A56288832F}.Debug|x64.Deploy.0 = Debug|Any CPU
		{CD95C58B-0936-41F0-A44F-25A56288832F}.Debug|x86.ActiveCfg = Debug|Any CPU
		{CD95C58B-0936-41F0-A44F-25A56288832F}.Debug|x86.Build.0 = Debug|Any CPU
		{CD95C58B-0936-41F0-A44F-25A56288832F}.Debug|x86.Deploy.0 = Debug|Any CPU
		{CD95C58B-0936-41F0-A44F-25A56288832F}.Release|Any CPU.ActiveCfg = Release|Any CPU
		{CD95C58B-0936-41F0-A44F-25A56288832F}.Release|Any CPU.Build.0 = Release|Any CPU
		{CD95C58B-0936-41F0-A44F-25A56288832F}.Release|Any CPU.Deploy.0 = Release|Any CPU
		{CD95C58B-0936-41F0-A44F-25A56288832F}.Release|ARM.ActiveCfg = Release|Any CPU
		{CD95C58B-0936-41F0-A44F-25A56288832F}.Release|ARM.Build.0 = Release|Any CPU
		{CD95C58B-0936-41F0-A44F-25A56288832F}.Release|ARM.Deploy.0 = Release|Any CPU
		{CD95C58B-0936-41F0-A44F-25A56288832F}.Release|iPhone.ActiveCfg = Release|Any CPU
		{CD95C58B-0936-41F0-A44F-25A56288832F}.Release|iPhone.Build.0 = Release|Any CPU
		{CD95C58B-0936-41F0-A44F-25A56288832F}.Release|iPhone.Deploy.0 = Release|Any CPU
		{CD95C58B-0936-41F0-A44F-25A56288832F}.Release|iPhoneSimulator.ActiveCfg = Release|Any CPU
		{CD95C58B-0936-41F0-A44F-25A56288832F}.Release|iPhoneSimulator.Build.0 = Release|Any CPU
		{CD95C58B-0936-41F0-A44F-25A56288832F}.Release|iPhoneSimulator.Deploy.0 = Release|Any CPU
		{CD95C58B-0936-41F0-A44F-25A56288832F}.Release|x64.ActiveCfg = Release|Any CPU
		{CD95C58B-0936-41F0-A44F-25A56288832F}.Release|x64.Build.0 = Release|Any CPU
		{CD95C58B-0936-41F0-A44F-25A56288832F}.Release|x64.Deploy.0 = Release|Any CPU
		{CD95C58B-0936-41F0-A44F-25A56288832F}.Release|x86.ActiveCfg = Release|Any CPU
		{CD95C58B-0936-41F0-A44F-25A56288832F}.Release|x86.Build.0 = Release|Any CPU
		{CD95C58B-0936-41F0-A44F-25A56288832F}.Release|x86.Deploy.0 = Release|Any CPU
		{B0260D58-B567-4C24-A8D4-176C8594B196}.Ad-Hoc|Any CPU.ActiveCfg = Release|Any CPU
		{B0260D58-B567-4C24-A8D4-176C8594B196}.Ad-Hoc|Any CPU.Build.0 = Release|Any CPU
		{B0260D58-B567-4C24-A8D4-176C8594B196}.Ad-Hoc|ARM.ActiveCfg = Release|Any CPU
		{B0260D58-B567-4C24-A8D4-176C8594B196}.Ad-Hoc|ARM.Build.0 = Release|Any CPU
		{B0260D58-B567-4C24-A8D4-176C8594B196}.Ad-Hoc|iPhone.ActiveCfg = Release|Any CPU
		{B0260D58-B567-4C24-A8D4-176C8594B196}.Ad-Hoc|iPhone.Build.0 = Release|Any CPU
		{B0260D58-B567-4C24-A8D4-176C8594B196}.Ad-Hoc|iPhoneSimulator.ActiveCfg = Release|Any CPU
		{B0260D58-B567-4C24-A8D4-176C8594B196}.Ad-Hoc|iPhoneSimulator.Build.0 = Release|Any CPU
		{B0260D58-B567-4C24-A8D4-176C8594B196}.Ad-Hoc|x64.ActiveCfg = Release|Any CPU
		{B0260D58-B567-4C24-A8D4-176C8594B196}.Ad-Hoc|x64.Build.0 = Release|Any CPU
		{B0260D58-B567-4C24-A8D4-176C8594B196}.Ad-Hoc|x86.ActiveCfg = Release|Any CPU
		{B0260D58-B567-4C24-A8D4-176C8594B196}.Ad-Hoc|x86.Build.0 = Release|Any CPU
		{B0260D58-B567-4C24-A8D4-176C8594B196}.AppStore|Any CPU.ActiveCfg = Release|Any CPU
		{B0260D58-B567-4C24-A8D4-176C8594B196}.AppStore|Any CPU.Build.0 = Release|Any CPU
		{B0260D58-B567-4C24-A8D4-176C8594B196}.AppStore|ARM.ActiveCfg = Release|Any CPU
		{B0260D58-B567-4C24-A8D4-176C8594B196}.AppStore|ARM.Build.0 = Release|Any CPU
		{B0260D58-B567-4C24-A8D4-176C8594B196}.AppStore|iPhone.ActiveCfg = Release|Any CPU
		{B0260D58-B567-4C24-A8D4-176C8594B196}.AppStore|iPhone.Build.0 = Release|Any CPU
		{B0260D58-B567-4C24-A8D4-176C8594B196}.AppStore|iPhoneSimulator.ActiveCfg = Release|Any CPU
		{B0260D58-B567-4C24-A8D4-176C8594B196}.AppStore|iPhoneSimulator.Build.0 = Release|Any CPU
		{B0260D58-B567-4C24-A8D4-176C8594B196}.AppStore|x64.ActiveCfg = Release|Any CPU
		{B0260D58-B567-4C24-A8D4-176C8594B196}.AppStore|x64.Build.0 = Release|Any CPU
		{B0260D58-B567-4C24-A8D4-176C8594B196}.AppStore|x86.ActiveCfg = Release|Any CPU
		{B0260D58-B567-4C24-A8D4-176C8594B196}.AppStore|x86.Build.0 = Release|Any CPU
		{B0260D58-B567-4C24-A8D4-176C8594B196}.Debug|Any CPU.ActiveCfg = Debug|Any CPU
		{B0260D58-B567-4C24-A8D4-176C8594B196}.Debug|Any CPU.Build.0 = Debug|Any CPU
		{B0260D58-B567-4C24-A8D4-176C8594B196}.Debug|ARM.ActiveCfg = Debug|Any CPU
		{B0260D58-B567-4C24-A8D4-176C8594B196}.Debug|ARM.Build.0 = Debug|Any CPU
		{B0260D58-B567-4C24-A8D4-176C8594B196}.Debug|iPhone.ActiveCfg = Debug|Any CPU
		{B0260D58-B567-4C24-A8D4-176C8594B196}.Debug|iPhone.Build.0 = Debug|Any CPU
		{B0260D58-B567-4C24-A8D4-176C8594B196}.Debug|iPhoneSimulator.ActiveCfg = Debug|Any CPU
		{B0260D58-B567-4C24-A8D4-176C8594B196}.Debug|iPhoneSimulator.Build.0 = Debug|Any CPU
		{B0260D58-B567-4C24-A8D4-176C8594B196}.Debug|x64.ActiveCfg = Debug|Any CPU
		{B0260D58-B567-4C24-A8D4-176C8594B196}.Debug|x64.Build.0 = Debug|Any CPU
		{B0260D58-B567-4C24-A8D4-176C8594B196}.Debug|x86.ActiveCfg = Debug|Any CPU
		{B0260D58-B567-4C24-A8D4-176C8594B196}.Debug|x86.Build.0 = Debug|Any CPU
		{B0260D58-B567-4C24-A8D4-176C8594B196}.Release|Any CPU.ActiveCfg = Release|Any CPU
		{B0260D58-B567-4C24-A8D4-176C8594B196}.Release|Any CPU.Build.0 = Release|Any CPU
		{B0260D58-B567-4C24-A8D4-176C8594B196}.Release|ARM.ActiveCfg = Release|Any CPU
		{B0260D58-B567-4C24-A8D4-176C8594B196}.Release|ARM.Build.0 = Release|Any CPU
		{B0260D58-B567-4C24-A8D4-176C8594B196}.Release|iPhone.ActiveCfg = Release|Any CPU
		{B0260D58-B567-4C24-A8D4-176C8594B196}.Release|iPhone.Build.0 = Release|Any CPU
		{B0260D58-B567-4C24-A8D4-176C8594B196}.Release|iPhoneSimulator.ActiveCfg = Release|Any CPU
		{B0260D58-B567-4C24-A8D4-176C8594B196}.Release|iPhoneSimulator.Build.0 = Release|Any CPU
		{B0260D58-B567-4C24-A8D4-176C8594B196}.Release|x64.ActiveCfg = Release|Any CPU
		{B0260D58-B567-4C24-A8D4-176C8594B196}.Release|x64.Build.0 = Release|Any CPU
		{B0260D58-B567-4C24-A8D4-176C8594B196}.Release|x86.ActiveCfg = Release|Any CPU
		{B0260D58-B567-4C24-A8D4-176C8594B196}.Release|x86.Build.0 = Release|Any CPU
		{D04F9A08-FDDE-4F12-9885-3B8DE961A9F7}.Ad-Hoc|Any CPU.ActiveCfg = Release|x86
		{D04F9A08-FDDE-4F12-9885-3B8DE961A9F7}.Ad-Hoc|Any CPU.Build.0 = Release|x86
		{D04F9A08-FDDE-4F12-9885-3B8DE961A9F7}.Ad-Hoc|Any CPU.Deploy.0 = Release|x86
		{D04F9A08-FDDE-4F12-9885-3B8DE961A9F7}.Ad-Hoc|ARM.ActiveCfg = Release|ARM
		{D04F9A08-FDDE-4F12-9885-3B8DE961A9F7}.Ad-Hoc|ARM.Build.0 = Release|ARM
		{D04F9A08-FDDE-4F12-9885-3B8DE961A9F7}.Ad-Hoc|ARM.Deploy.0 = Release|ARM
		{D04F9A08-FDDE-4F12-9885-3B8DE961A9F7}.Ad-Hoc|iPhone.ActiveCfg = Release|x86
		{D04F9A08-FDDE-4F12-9885-3B8DE961A9F7}.Ad-Hoc|iPhone.Build.0 = Release|x86
		{D04F9A08-FDDE-4F12-9885-3B8DE961A9F7}.Ad-Hoc|iPhone.Deploy.0 = Release|x86
		{D04F9A08-FDDE-4F12-9885-3B8DE961A9F7}.Ad-Hoc|iPhoneSimulator.ActiveCfg = Release|x86
		{D04F9A08-FDDE-4F12-9885-3B8DE961A9F7}.Ad-Hoc|iPhoneSimulator.Build.0 = Release|x86
		{D04F9A08-FDDE-4F12-9885-3B8DE961A9F7}.Ad-Hoc|iPhoneSimulator.Deploy.0 = Release|x86
		{D04F9A08-FDDE-4F12-9885-3B8DE961A9F7}.Ad-Hoc|x64.ActiveCfg = Release|x64
		{D04F9A08-FDDE-4F12-9885-3B8DE961A9F7}.Ad-Hoc|x64.Build.0 = Release|x64
		{D04F9A08-FDDE-4F12-9885-3B8DE961A9F7}.Ad-Hoc|x64.Deploy.0 = Release|x64
		{D04F9A08-FDDE-4F12-9885-3B8DE961A9F7}.Ad-Hoc|x86.ActiveCfg = Release|x86
		{D04F9A08-FDDE-4F12-9885-3B8DE961A9F7}.Ad-Hoc|x86.Build.0 = Release|x86
		{D04F9A08-FDDE-4F12-9885-3B8DE961A9F7}.Ad-Hoc|x86.Deploy.0 = Release|x86
		{D04F9A08-FDDE-4F12-9885-3B8DE961A9F7}.AppStore|Any CPU.ActiveCfg = Release|x86
		{D04F9A08-FDDE-4F12-9885-3B8DE961A9F7}.AppStore|Any CPU.Build.0 = Release|x86
		{D04F9A08-FDDE-4F12-9885-3B8DE961A9F7}.AppStore|Any CPU.Deploy.0 = Release|x86
		{D04F9A08-FDDE-4F12-9885-3B8DE961A9F7}.AppStore|ARM.ActiveCfg = Release|ARM
		{D04F9A08-FDDE-4F12-9885-3B8DE961A9F7}.AppStore|ARM.Build.0 = Release|ARM
		{D04F9A08-FDDE-4F12-9885-3B8DE961A9F7}.AppStore|ARM.Deploy.0 = Release|ARM
		{D04F9A08-FDDE-4F12-9885-3B8DE961A9F7}.AppStore|iPhone.ActiveCfg = Release|x86
		{D04F9A08-FDDE-4F12-9885-3B8DE961A9F7}.AppStore|iPhone.Build.0 = Release|x86
		{D04F9A08-FDDE-4F12-9885-3B8DE961A9F7}.AppStore|iPhone.Deploy.0 = Release|x86
		{D04F9A08-FDDE-4F12-9885-3B8DE961A9F7}.AppStore|iPhoneSimulator.ActiveCfg = Release|x86
		{D04F9A08-FDDE-4F12-9885-3B8DE961A9F7}.AppStore|iPhoneSimulator.Build.0 = Release|x86
		{D04F9A08-FDDE-4F12-9885-3B8DE961A9F7}.AppStore|iPhoneSimulator.Deploy.0 = Release|x86
		{D04F9A08-FDDE-4F12-9885-3B8DE961A9F7}.AppStore|x64.ActiveCfg = Release|x64
		{D04F9A08-FDDE-4F12-9885-3B8DE961A9F7}.AppStore|x64.Build.0 = Release|x64
		{D04F9A08-FDDE-4F12-9885-3B8DE961A9F7}.AppStore|x64.Deploy.0 = Release|x64
		{D04F9A08-FDDE-4F12-9885-3B8DE961A9F7}.AppStore|x86.ActiveCfg = Release|x86
		{D04F9A08-FDDE-4F12-9885-3B8DE961A9F7}.AppStore|x86.Build.0 = Release|x86
		{D04F9A08-FDDE-4F12-9885-3B8DE961A9F7}.AppStore|x86.Deploy.0 = Release|x86
		{D04F9A08-FDDE-4F12-9885-3B8DE961A9F7}.Debug|Any CPU.ActiveCfg = Debug|x86
		{D04F9A08-FDDE-4F12-9885-3B8DE961A9F7}.Debug|ARM.ActiveCfg = Debug|ARM
		{D04F9A08-FDDE-4F12-9885-3B8DE961A9F7}.Debug|ARM.Build.0 = Debug|ARM
		{D04F9A08-FDDE-4F12-9885-3B8DE961A9F7}.Debug|ARM.Deploy.0 = Debug|ARM
		{D04F9A08-FDDE-4F12-9885-3B8DE961A9F7}.Debug|iPhone.ActiveCfg = Debug|x86
		{D04F9A08-FDDE-4F12-9885-3B8DE961A9F7}.Debug|iPhoneSimulator.ActiveCfg = Debug|x86
		{D04F9A08-FDDE-4F12-9885-3B8DE961A9F7}.Debug|x64.ActiveCfg = Debug|x64
		{D04F9A08-FDDE-4F12-9885-3B8DE961A9F7}.Debug|x64.Build.0 = Debug|x64
		{D04F9A08-FDDE-4F12-9885-3B8DE961A9F7}.Debug|x64.Deploy.0 = Debug|x64
		{D04F9A08-FDDE-4F12-9885-3B8DE961A9F7}.Debug|x86.ActiveCfg = Debug|x86
		{D04F9A08-FDDE-4F12-9885-3B8DE961A9F7}.Debug|x86.Build.0 = Debug|x86
		{D04F9A08-FDDE-4F12-9885-3B8DE961A9F7}.Debug|x86.Deploy.0 = Debug|x86
		{D04F9A08-FDDE-4F12-9885-3B8DE961A9F7}.Release|Any CPU.ActiveCfg = Release|x86
		{D04F9A08-FDDE-4F12-9885-3B8DE961A9F7}.Release|ARM.ActiveCfg = Release|ARM
		{D04F9A08-FDDE-4F12-9885-3B8DE961A9F7}.Release|ARM.Build.0 = Release|ARM
		{D04F9A08-FDDE-4F12-9885-3B8DE961A9F7}.Release|ARM.Deploy.0 = Release|ARM
		{D04F9A08-FDDE-4F12-9885-3B8DE961A9F7}.Release|iPhone.ActiveCfg = Release|x86
		{D04F9A08-FDDE-4F12-9885-3B8DE961A9F7}.Release|iPhoneSimulator.ActiveCfg = Release|x86
		{D04F9A08-FDDE-4F12-9885-3B8DE961A9F7}.Release|x64.ActiveCfg = Release|x64
		{D04F9A08-FDDE-4F12-9885-3B8DE961A9F7}.Release|x64.Build.0 = Release|x64
		{D04F9A08-FDDE-4F12-9885-3B8DE961A9F7}.Release|x64.Deploy.0 = Release|x64
		{D04F9A08-FDDE-4F12-9885-3B8DE961A9F7}.Release|x86.ActiveCfg = Release|x86
		{D04F9A08-FDDE-4F12-9885-3B8DE961A9F7}.Release|x86.Build.0 = Release|x86
		{D04F9A08-FDDE-4F12-9885-3B8DE961A9F7}.Release|x86.Deploy.0 = Release|x86
		{2CE3AB07-B639-4E49-AB50-0868AD127ADF}.Ad-Hoc|Any CPU.ActiveCfg = Ad-Hoc|iPhone
		{2CE3AB07-B639-4E49-AB50-0868AD127ADF}.Ad-Hoc|ARM.ActiveCfg = Ad-Hoc|iPhone
		{2CE3AB07-B639-4E49-AB50-0868AD127ADF}.Ad-Hoc|iPhone.ActiveCfg = Ad-Hoc|iPhone
		{2CE3AB07-B639-4E49-AB50-0868AD127ADF}.Ad-Hoc|iPhone.Build.0 = Ad-Hoc|iPhone
		{2CE3AB07-B639-4E49-AB50-0868AD127ADF}.Ad-Hoc|iPhoneSimulator.ActiveCfg = Ad-Hoc|iPhoneSimulator
		{2CE3AB07-B639-4E49-AB50-0868AD127ADF}.Ad-Hoc|iPhoneSimulator.Build.0 = Ad-Hoc|iPhoneSimulator
		{2CE3AB07-B639-4E49-AB50-0868AD127ADF}.Ad-Hoc|x64.ActiveCfg = Ad-Hoc|iPhone
		{2CE3AB07-B639-4E49-AB50-0868AD127ADF}.Ad-Hoc|x86.ActiveCfg = Ad-Hoc|iPhone
		{2CE3AB07-B639-4E49-AB50-0868AD127ADF}.AppStore|Any CPU.ActiveCfg = AppStore|iPhone
		{2CE3AB07-B639-4E49-AB50-0868AD127ADF}.AppStore|ARM.ActiveCfg = AppStore|iPhone
		{2CE3AB07-B639-4E49-AB50-0868AD127ADF}.AppStore|iPhone.ActiveCfg = AppStore|iPhone
		{2CE3AB07-B639-4E49-AB50-0868AD127ADF}.AppStore|iPhone.Build.0 = AppStore|iPhone
		{2CE3AB07-B639-4E49-AB50-0868AD127ADF}.AppStore|iPhoneSimulator.ActiveCfg = AppStore|iPhoneSimulator
		{2CE3AB07-B639-4E49-AB50-0868AD127ADF}.AppStore|iPhoneSimulator.Build.0 = AppStore|iPhoneSimulator
		{2CE3AB07-B639-4E49-AB50-0868AD127ADF}.AppStore|x64.ActiveCfg = AppStore|iPhone
		{2CE3AB07-B639-4E49-AB50-0868AD127ADF}.AppStore|x86.ActiveCfg = AppStore|iPhone
		{2CE3AB07-B639-4E49-AB50-0868AD127ADF}.Debug|Any CPU.ActiveCfg = Debug|iPhone
		{2CE3AB07-B639-4E49-AB50-0868AD127ADF}.Debug|ARM.ActiveCfg = Debug|iPhone
		{2CE3AB07-B639-4E49-AB50-0868AD127ADF}.Debug|iPhone.ActiveCfg = Debug|iPhone
		{2CE3AB07-B639-4E49-AB50-0868AD127ADF}.Debug|iPhone.Build.0 = Debug|iPhone
		{2CE3AB07-B639-4E49-AB50-0868AD127ADF}.Debug|iPhoneSimulator.ActiveCfg = Debug|iPhoneSimulator
		{2CE3AB07-B639-4E49-AB50-0868AD127ADF}.Debug|iPhoneSimulator.Build.0 = Debug|iPhoneSimulator
		{2CE3AB07-B639-4E49-AB50-0868AD127ADF}.Debug|x64.ActiveCfg = Debug|iPhone
		{2CE3AB07-B639-4E49-AB50-0868AD127ADF}.Debug|x86.ActiveCfg = Debug|iPhone
		{2CE3AB07-B639-4E49-AB50-0868AD127ADF}.Release|Any CPU.ActiveCfg = Release|iPhone
		{2CE3AB07-B639-4E49-AB50-0868AD127ADF}.Release|ARM.ActiveCfg = Release|iPhone
		{2CE3AB07-B639-4E49-AB50-0868AD127ADF}.Release|iPhone.ActiveCfg = Release|iPhone
		{2CE3AB07-B639-4E49-AB50-0868AD127ADF}.Release|iPhone.Build.0 = Release|iPhone
		{2CE3AB07-B639-4E49-AB50-0868AD127ADF}.Release|iPhoneSimulator.ActiveCfg = Release|iPhoneSimulator
		{2CE3AB07-B639-4E49-AB50-0868AD127ADF}.Release|iPhoneSimulator.Build.0 = Release|iPhoneSimulator
		{2CE3AB07-B639-4E49-AB50-0868AD127ADF}.Release|x64.ActiveCfg = Release|iPhone
		{2CE3AB07-B639-4E49-AB50-0868AD127ADF}.Release|x86.ActiveCfg = Release|iPhone
		{62C217A4-B020-4580-90D9-DD9219F46CEE}.Ad-Hoc|Any CPU.ActiveCfg = Release|Any CPU
		{62C217A4-B020-4580-90D9-DD9219F46CEE}.Ad-Hoc|Any CPU.Build.0 = Release|Any CPU
		{62C217A4-B020-4580-90D9-DD9219F46CEE}.Ad-Hoc|ARM.ActiveCfg = Release|Any CPU
		{62C217A4-B020-4580-90D9-DD9219F46CEE}.Ad-Hoc|ARM.Build.0 = Release|Any CPU
		{62C217A4-B020-4580-90D9-DD9219F46CEE}.Ad-Hoc|iPhone.ActiveCfg = Release|Any CPU
		{62C217A4-B020-4580-90D9-DD9219F46CEE}.Ad-Hoc|iPhone.Build.0 = Release|Any CPU
		{62C217A4-B020-4580-90D9-DD9219F46CEE}.Ad-Hoc|iPhoneSimulator.ActiveCfg = Release|Any CPU
		{62C217A4-B020-4580-90D9-DD9219F46CEE}.Ad-Hoc|iPhoneSimulator.Build.0 = Release|Any CPU
		{62C217A4-B020-4580-90D9-DD9219F46CEE}.Ad-Hoc|x64.ActiveCfg = Release|Any CPU
		{62C217A4-B020-4580-90D9-DD9219F46CEE}.Ad-Hoc|x64.Build.0 = Release|Any CPU
		{62C217A4-B020-4580-90D9-DD9219F46CEE}.Ad-Hoc|x86.ActiveCfg = Release|Any CPU
		{62C217A4-B020-4580-90D9-DD9219F46CEE}.Ad-Hoc|x86.Build.0 = Release|Any CPU
		{62C217A4-B020-4580-90D9-DD9219F46CEE}.AppStore|Any CPU.ActiveCfg = Release|Any CPU
		{62C217A4-B020-4580-90D9-DD9219F46CEE}.AppStore|Any CPU.Build.0 = Release|Any CPU
		{62C217A4-B020-4580-90D9-DD9219F46CEE}.AppStore|ARM.ActiveCfg = Release|Any CPU
		{62C217A4-B020-4580-90D9-DD9219F46CEE}.AppStore|ARM.Build.0 = Release|Any CPU
		{62C217A4-B020-4580-90D9-DD9219F46CEE}.AppStore|iPhone.ActiveCfg = Release|Any CPU
		{62C217A4-B020-4580-90D9-DD9219F46CEE}.AppStore|iPhone.Build.0 = Release|Any CPU
		{62C217A4-B020-4580-90D9-DD9219F46CEE}.AppStore|iPhoneSimulator.ActiveCfg = Release|Any CPU
		{62C217A4-B020-4580-90D9-DD9219F46CEE}.AppStore|iPhoneSimulator.Build.0 = Release|Any CPU
		{62C217A4-B020-4580-90D9-DD9219F46CEE}.AppStore|x64.ActiveCfg = Release|Any CPU
		{62C217A4-B020-4580-90D9-DD9219F46CEE}.AppStore|x64.Build.0 = Release|Any CPU
		{62C217A4-B020-4580-90D9-DD9219F46CEE}.AppStore|x86.ActiveCfg = Release|Any CPU
		{62C217A4-B020-4580-90D9-DD9219F46CEE}.AppStore|x86.Build.0 = Release|Any CPU
		{62C217A4-B020-4580-90D9-DD9219F46CEE}.Debug|Any CPU.ActiveCfg = Debug|Any CPU
		{62C217A4-B020-4580-90D9-DD9219F46CEE}.Debug|Any CPU.Build.0 = Debug|Any CPU
		{62C217A4-B020-4580-90D9-DD9219F46CEE}.Debug|ARM.ActiveCfg = Debug|Any CPU
		{62C217A4-B020-4580-90D9-DD9219F46CEE}.Debug|ARM.Build.0 = Debug|Any CPU
		{62C217A4-B020-4580-90D9-DD9219F46CEE}.Debug|iPhone.ActiveCfg = Debug|Any CPU
		{62C217A4-B020-4580-90D9-DD9219F46CEE}.Debug|iPhone.Build.0 = Debug|Any CPU
		{62C217A4-B020-4580-90D9-DD9219F46CEE}.Debug|iPhoneSimulator.ActiveCfg = Debug|Any CPU
		{62C217A4-B020-4580-90D9-DD9219F46CEE}.Debug|iPhoneSimulator.Build.0 = Debug|Any CPU
		{62C217A4-B020-4580-90D9-DD9219F46CEE}.Debug|x64.ActiveCfg = Debug|Any CPU
		{62C217A4-B020-4580-90D9-DD9219F46CEE}.Debug|x64.Build.0 = Debug|Any CPU
		{62C217A4-B020-4580-90D9-DD9219F46CEE}.Debug|x86.ActiveCfg = Debug|Any CPU
		{62C217A4-B020-4580-90D9-DD9219F46CEE}.Debug|x86.Build.0 = Debug|Any CPU
		{62C217A4-B020-4580-90D9-DD9219F46CEE}.Release|Any CPU.ActiveCfg = Release|Any CPU
		{62C217A4-B020-4580-90D9-DD9219F46CEE}.Release|Any CPU.Build.0 = Release|Any CPU
		{62C217A4-B020-4580-90D9-DD9219F46CEE}.Release|ARM.ActiveCfg = Release|Any CPU
		{62C217A4-B020-4580-90D9-DD9219F46CEE}.Release|ARM.Build.0 = Release|Any CPU
		{62C217A4-B020-4580-90D9-DD9219F46CEE}.Release|iPhone.ActiveCfg = Release|Any CPU
		{62C217A4-B020-4580-90D9-DD9219F46CEE}.Release|iPhone.Build.0 = Release|Any CPU
		{62C217A4-B020-4580-90D9-DD9219F46CEE}.Release|iPhoneSimulator.ActiveCfg = Release|Any CPU
		{62C217A4-B020-4580-90D9-DD9219F46CEE}.Release|iPhoneSimulator.Build.0 = Release|Any CPU
		{62C217A4-B020-4580-90D9-DD9219F46CEE}.Release|x64.ActiveCfg = Release|Any CPU
		{62C217A4-B020-4580-90D9-DD9219F46CEE}.Release|x64.Build.0 = Release|Any CPU
		{62C217A4-B020-4580-90D9-DD9219F46CEE}.Release|x86.ActiveCfg = Release|Any CPU
		{62C217A4-B020-4580-90D9-DD9219F46CEE}.Release|x86.Build.0 = Release|Any CPU
		{05BD0603-4ACF-4113-9147-6CCB63AAAF12}.Ad-Hoc|Any CPU.ActiveCfg = Release|Any CPU
		{05BD0603-4ACF-4113-9147-6CCB63AAAF12}.Ad-Hoc|Any CPU.Build.0 = Release|Any CPU
		{05BD0603-4ACF-4113-9147-6CCB63AAAF12}.Ad-Hoc|ARM.ActiveCfg = Release|Any CPU
		{05BD0603-4ACF-4113-9147-6CCB63AAAF12}.Ad-Hoc|ARM.Build.0 = Release|Any CPU
		{05BD0603-4ACF-4113-9147-6CCB63AAAF12}.Ad-Hoc|iPhone.ActiveCfg = Release|Any CPU
		{05BD0603-4ACF-4113-9147-6CCB63AAAF12}.Ad-Hoc|iPhone.Build.0 = Release|Any CPU
		{05BD0603-4ACF-4113-9147-6CCB63AAAF12}.Ad-Hoc|iPhoneSimulator.ActiveCfg = Release|Any CPU
		{05BD0603-4ACF-4113-9147-6CCB63AAAF12}.Ad-Hoc|iPhoneSimulator.Build.0 = Release|Any CPU
		{05BD0603-4ACF-4113-9147-6CCB63AAAF12}.Ad-Hoc|x64.ActiveCfg = Release|Any CPU
		{05BD0603-4ACF-4113-9147-6CCB63AAAF12}.Ad-Hoc|x64.Build.0 = Release|Any CPU
		{05BD0603-4ACF-4113-9147-6CCB63AAAF12}.Ad-Hoc|x86.ActiveCfg = Release|Any CPU
		{05BD0603-4ACF-4113-9147-6CCB63AAAF12}.Ad-Hoc|x86.Build.0 = Release|Any CPU
		{05BD0603-4ACF-4113-9147-6CCB63AAAF12}.AppStore|Any CPU.ActiveCfg = Release|Any CPU
		{05BD0603-4ACF-4113-9147-6CCB63AAAF12}.AppStore|Any CPU.Build.0 = Release|Any CPU
		{05BD0603-4ACF-4113-9147-6CCB63AAAF12}.AppStore|ARM.ActiveCfg = Release|Any CPU
		{05BD0603-4ACF-4113-9147-6CCB63AAAF12}.AppStore|ARM.Build.0 = Release|Any CPU
		{05BD0603-4ACF-4113-9147-6CCB63AAAF12}.AppStore|iPhone.ActiveCfg = Release|Any CPU
		{05BD0603-4ACF-4113-9147-6CCB63AAAF12}.AppStore|iPhone.Build.0 = Release|Any CPU
		{05BD0603-4ACF-4113-9147-6CCB63AAAF12}.AppStore|iPhoneSimulator.ActiveCfg = Release|Any CPU
		{05BD0603-4ACF-4113-9147-6CCB63AAAF12}.AppStore|iPhoneSimulator.Build.0 = Release|Any CPU
		{05BD0603-4ACF-4113-9147-6CCB63AAAF12}.AppStore|x64.ActiveCfg = Release|Any CPU
		{05BD0603-4ACF-4113-9147-6CCB63AAAF12}.AppStore|x64.Build.0 = Release|Any CPU
		{05BD0603-4ACF-4113-9147-6CCB63AAAF12}.AppStore|x86.ActiveCfg = Release|Any CPU
		{05BD0603-4ACF-4113-9147-6CCB63AAAF12}.AppStore|x86.Build.0 = Release|Any CPU
		{05BD0603-4ACF-4113-9147-6CCB63AAAF12}.Debug|Any CPU.ActiveCfg = Debug|Any CPU
		{05BD0603-4ACF-4113-9147-6CCB63AAAF12}.Debug|Any CPU.Build.0 = Debug|Any CPU
		{05BD0603-4ACF-4113-9147-6CCB63AAAF12}.Debug|ARM.ActiveCfg = Debug|Any CPU
		{05BD0603-4ACF-4113-9147-6CCB63AAAF12}.Debug|ARM.Build.0 = Debug|Any CPU
		{05BD0603-4ACF-4113-9147-6CCB63AAAF12}.Debug|iPhone.ActiveCfg = Debug|Any CPU
		{05BD0603-4ACF-4113-9147-6CCB63AAAF12}.Debug|iPhone.Build.0 = Debug|Any CPU
		{05BD0603-4ACF-4113-9147-6CCB63AAAF12}.Debug|iPhoneSimulator.ActiveCfg = Debug|Any CPU
		{05BD0603-4ACF-4113-9147-6CCB63AAAF12}.Debug|iPhoneSimulator.Build.0 = Debug|Any CPU
		{05BD0603-4ACF-4113-9147-6CCB63AAAF12}.Debug|x64.ActiveCfg = Debug|Any CPU
		{05BD0603-4ACF-4113-9147-6CCB63AAAF12}.Debug|x64.Build.0 = Debug|Any CPU
		{05BD0603-4ACF-4113-9147-6CCB63AAAF12}.Debug|x86.ActiveCfg = Debug|Any CPU
		{05BD0603-4ACF-4113-9147-6CCB63AAAF12}.Debug|x86.Build.0 = Debug|Any CPU
		{05BD0603-4ACF-4113-9147-6CCB63AAAF12}.Release|Any CPU.ActiveCfg = Release|Any CPU
		{05BD0603-4ACF-4113-9147-6CCB63AAAF12}.Release|Any CPU.Build.0 = Release|Any CPU
		{05BD0603-4ACF-4113-9147-6CCB63AAAF12}.Release|ARM.ActiveCfg = Release|Any CPU
		{05BD0603-4ACF-4113-9147-6CCB63AAAF12}.Release|ARM.Build.0 = Release|Any CPU
		{05BD0603-4ACF-4113-9147-6CCB63AAAF12}.Release|iPhone.ActiveCfg = Release|Any CPU
		{05BD0603-4ACF-4113-9147-6CCB63AAAF12}.Release|iPhone.Build.0 = Release|Any CPU
		{05BD0603-4ACF-4113-9147-6CCB63AAAF12}.Release|iPhoneSimulator.ActiveCfg = Release|Any CPU
		{05BD0603-4ACF-4113-9147-6CCB63AAAF12}.Release|iPhoneSimulator.Build.0 = Release|Any CPU
		{05BD0603-4ACF-4113-9147-6CCB63AAAF12}.Release|x64.ActiveCfg = Release|Any CPU
		{05BD0603-4ACF-4113-9147-6CCB63AAAF12}.Release|x64.Build.0 = Release|Any CPU
		{05BD0603-4ACF-4113-9147-6CCB63AAAF12}.Release|x86.ActiveCfg = Release|Any CPU
		{05BD0603-4ACF-4113-9147-6CCB63AAAF12}.Release|x86.Build.0 = Release|Any CPU
		{76EA3012-C21C-4765-B1B2-80C59FC55C70}.Ad-Hoc|Any CPU.ActiveCfg = Release|Any CPU
		{76EA3012-C21C-4765-B1B2-80C59FC55C70}.Ad-Hoc|Any CPU.Build.0 = Release|Any CPU
		{76EA3012-C21C-4765-B1B2-80C59FC55C70}.Ad-Hoc|ARM.ActiveCfg = Release|Any CPU
		{76EA3012-C21C-4765-B1B2-80C59FC55C70}.Ad-Hoc|ARM.Build.0 = Release|Any CPU
		{76EA3012-C21C-4765-B1B2-80C59FC55C70}.Ad-Hoc|iPhone.ActiveCfg = Release|Any CPU
		{76EA3012-C21C-4765-B1B2-80C59FC55C70}.Ad-Hoc|iPhone.Build.0 = Release|Any CPU
		{76EA3012-C21C-4765-B1B2-80C59FC55C70}.Ad-Hoc|iPhoneSimulator.ActiveCfg = Release|Any CPU
		{76EA3012-C21C-4765-B1B2-80C59FC55C70}.Ad-Hoc|iPhoneSimulator.Build.0 = Release|Any CPU
		{76EA3012-C21C-4765-B1B2-80C59FC55C70}.Ad-Hoc|x64.ActiveCfg = Release|Any CPU
		{76EA3012-C21C-4765-B1B2-80C59FC55C70}.Ad-Hoc|x64.Build.0 = Release|Any CPU
		{76EA3012-C21C-4765-B1B2-80C59FC55C70}.Ad-Hoc|x86.ActiveCfg = Release|Any CPU
		{76EA3012-C21C-4765-B1B2-80C59FC55C70}.Ad-Hoc|x86.Build.0 = Release|Any CPU
		{76EA3012-C21C-4765-B1B2-80C59FC55C70}.AppStore|Any CPU.ActiveCfg = Release|Any CPU
		{76EA3012-C21C-4765-B1B2-80C59FC55C70}.AppStore|Any CPU.Build.0 = Release|Any CPU
		{76EA3012-C21C-4765-B1B2-80C59FC55C70}.AppStore|ARM.ActiveCfg = Release|Any CPU
		{76EA3012-C21C-4765-B1B2-80C59FC55C70}.AppStore|ARM.Build.0 = Release|Any CPU
		{76EA3012-C21C-4765-B1B2-80C59FC55C70}.AppStore|iPhone.ActiveCfg = Release|Any CPU
		{76EA3012-C21C-4765-B1B2-80C59FC55C70}.AppStore|iPhone.Build.0 = Release|Any CPU
		{76EA3012-C21C-4765-B1B2-80C59FC55C70}.AppStore|iPhoneSimulator.ActiveCfg = Release|Any CPU
		{76EA3012-C21C-4765-B1B2-80C59FC55C70}.AppStore|iPhoneSimulator.Build.0 = Release|Any CPU
		{76EA3012-C21C-4765-B1B2-80C59FC55C70}.AppStore|x64.ActiveCfg = Release|Any CPU
		{76EA3012-C21C-4765-B1B2-80C59FC55C70}.AppStore|x64.Build.0 = Release|Any CPU
		{76EA3012-C21C-4765-B1B2-80C59FC55C70}.AppStore|x86.ActiveCfg = Release|Any CPU
		{76EA3012-C21C-4765-B1B2-80C59FC55C70}.AppStore|x86.Build.0 = Release|Any CPU
		{76EA3012-C21C-4765-B1B2-80C59FC55C70}.Debug|Any CPU.ActiveCfg = Debug|Any CPU
		{76EA3012-C21C-4765-B1B2-80C59FC55C70}.Debug|Any CPU.Build.0 = Debug|Any CPU
		{76EA3012-C21C-4765-B1B2-80C59FC55C70}.Debug|ARM.ActiveCfg = Debug|Any CPU
		{76EA3012-C21C-4765-B1B2-80C59FC55C70}.Debug|ARM.Build.0 = Debug|Any CPU
		{76EA3012-C21C-4765-B1B2-80C59FC55C70}.Debug|iPhone.ActiveCfg = Debug|Any CPU
		{76EA3012-C21C-4765-B1B2-80C59FC55C70}.Debug|iPhone.Build.0 = Debug|Any CPU
		{76EA3012-C21C-4765-B1B2-80C59FC55C70}.Debug|iPhoneSimulator.ActiveCfg = Debug|Any CPU
		{76EA3012-C21C-4765-B1B2-80C59FC55C70}.Debug|iPhoneSimulator.Build.0 = Debug|Any CPU
		{76EA3012-C21C-4765-B1B2-80C59FC55C70}.Debug|x64.ActiveCfg = Debug|Any CPU
		{76EA3012-C21C-4765-B1B2-80C59FC55C70}.Debug|x64.Build.0 = Debug|Any CPU
		{76EA3012-C21C-4765-B1B2-80C59FC55C70}.Debug|x86.ActiveCfg = Debug|Any CPU
		{76EA3012-C21C-4765-B1B2-80C59FC55C70}.Debug|x86.Build.0 = Debug|Any CPU
		{76EA3012-C21C-4765-B1B2-80C59FC55C70}.Release|Any CPU.ActiveCfg = Release|Any CPU
		{76EA3012-C21C-4765-B1B2-80C59FC55C70}.Release|Any CPU.Build.0 = Release|Any CPU
		{76EA3012-C21C-4765-B1B2-80C59FC55C70}.Release|ARM.ActiveCfg = Release|Any CPU
		{76EA3012-C21C-4765-B1B2-80C59FC55C70}.Release|ARM.Build.0 = Release|Any CPU
		{76EA3012-C21C-4765-B1B2-80C59FC55C70}.Release|iPhone.ActiveCfg = Release|Any CPU
		{76EA3012-C21C-4765-B1B2-80C59FC55C70}.Release|iPhone.Build.0 = Release|Any CPU
		{76EA3012-C21C-4765-B1B2-80C59FC55C70}.Release|iPhoneSimulator.ActiveCfg = Release|Any CPU
		{76EA3012-C21C-4765-B1B2-80C59FC55C70}.Release|iPhoneSimulator.Build.0 = Release|Any CPU
		{76EA3012-C21C-4765-B1B2-80C59FC55C70}.Release|x64.ActiveCfg = Release|Any CPU
		{76EA3012-C21C-4765-B1B2-80C59FC55C70}.Release|x64.Build.0 = Release|Any CPU
		{76EA3012-C21C-4765-B1B2-80C59FC55C70}.Release|x86.ActiveCfg = Release|Any CPU
		{76EA3012-C21C-4765-B1B2-80C59FC55C70}.Release|x86.Build.0 = Release|Any CPU
	EndGlobalSection
	GlobalSection(SolutionProperties) = preSolution
		HideSolutionNode = FALSE
	EndGlobalSection
	GlobalSection(NestedProjects) = preSolution
		{CD95C58B-0936-41F0-A44F-25A56288832F} = {B7B80924-7E50-4836-A213-47275F2B5CE7}
		{B0260D58-B567-4C24-A8D4-176C8594B196} = {B7B80924-7E50-4836-A213-47275F2B5CE7}
		{D04F9A08-FDDE-4F12-9885-3B8DE961A9F7} = {B7B80924-7E50-4836-A213-47275F2B5CE7}
		{2CE3AB07-B639-4E49-AB50-0868AD127ADF} = {B7B80924-7E50-4836-A213-47275F2B5CE7}
		{62C217A4-B020-4580-90D9-DD9219F46CEE} = {233B616A-C5EF-4BAF-8429-BEAD93691F8D}
		{05BD0603-4ACF-4113-9147-6CCB63AAAF12} = {233B616A-C5EF-4BAF-8429-BEAD93691F8D}
		{76EA3012-C21C-4765-B1B2-80C59FC55C70} = {7A245B78-2C9F-4FAF-9BEE-ACBA7103EE47}
	EndGlobalSection
EndGlobal
